// !$*UTF8*$!
{
	archiveVersion = 1;
	classes = {
	};
	objectVersion = 52;
	objects = {

/* Begin PBXBuildFile section */
		88E97C6A26B4640E00D50EFA /* AppDelegate.swift in Sources */ = {isa = PBXBuildFile; fileRef = 88E97C6926B4640E00D50EFA /* AppDelegate.swift */; };
		88E97C6C26B4640E00D50EFA /* SceneDelegate.swift in Sources */ = {isa = PBXBuildFile; fileRef = 88E97C6B26B4640E00D50EFA /* SceneDelegate.swift */; };
		88E97C6E26B4640E00D50EFA /* ViewController.swift in Sources */ = {isa = PBXBuildFile; fileRef = 88E97C6D26B4640E00D50EFA /* ViewController.swift */; };
		88E97C7126B4640E00D50EFA /* Main.storyboard in Resources */ = {isa = PBXBuildFile; fileRef = 88E97C6F26B4640E00D50EFA /* Main.storyboard */; };
		88E97C7326B4641100D50EFA /* Assets.xcassets in Resources */ = {isa = PBXBuildFile; fileRef = 88E97C7226B4641100D50EFA /* Assets.xcassets */; };
		88E97C7626B4641100D50EFA /* LaunchScreen.storyboard in Resources */ = {isa = PBXBuildFile; fileRef = 88E97C7426B4641100D50EFA /* LaunchScreen.storyboard */; };
		88E97C7F26B4DA3100D50EFA /* myTableViewCell.swift in Sources */ = {isa = PBXBuildFile; fileRef = 88E97C7D26B4DA3100D50EFA /* myTableViewCell.swift */; };
		88E97C8026B4DA3100D50EFA /* myTableViewCell.xib in Resources */ = {isa = PBXBuildFile; fileRef = 88E97C7E26B4DA3100D50EFA /* myTableViewCell.xib */; };
		88E97C8326B4E64300D50EFA /* Alamofire in Frameworks */ = {isa = PBXBuildFile; productRef = 88E97C8226B4E64300D50EFA /* Alamofire */; };
		88E97C8626B4E6AA00D50EFA /* Kingfisher in Frameworks */ = {isa = PBXBuildFile; productRef = 88E97C8526B4E6AA00D50EFA /* Kingfisher */; };
		88E97C8826B4E7A900D50EFA /* Movies.swift in Sources */ = {isa = PBXBuildFile; fileRef = 88E97C8726B4E7A900D50EFA /* Movies.swift */; };
		88E97C8B26B4EF7800D50EFA /* NetworkProvider.swift in Sources */ = {isa = PBXBuildFile; fileRef = 88E97C8A26B4EF7800D50EFA /* NetworkProvider.swift */; };
		88E97C8D26B500D500D50EFA /* movieDetails.swift in Sources */ = {isa = PBXBuildFile; fileRef = 88E97C8C26B500D500D50EFA /* movieDetails.swift */; };
/* End PBXBuildFile section */

/* Begin PBXFileReference section */
		88E97C6626B4640E00D50EFA /* moviesTime.app */ = {isa = PBXFileReference; explicitFileType = wrapper.application; includeInIndex = 0; path = moviesTime.app; sourceTree = BUILT_PRODUCTS_DIR; };
		88E97C6926B4640E00D50EFA /* AppDelegate.swift */ = {isa = PBXFileReference; lastKnownFileType = sourcecode.swift; path = AppDelegate.swift; sourceTree = "<group>"; };
		88E97C6B26B4640E00D50EFA /* SceneDelegate.swift */ = {isa = PBXFileReference; lastKnownFileType = sourcecode.swift; path = SceneDelegate.swift; sourceTree = "<group>"; };
		88E97C6D26B4640E00D50EFA /* ViewController.swift */ = {isa = PBXFileReference; lastKnownFileType = sourcecode.swift; path = ViewController.swift; sourceTree = "<group>"; };
		88E97C7026B4640E00D50EFA /* Base */ = {isa = PBXFileReference; lastKnownFileType = file.storyboard; name = Base; path = Base.lproj/Main.storyboard; sourceTree = "<group>"; };
		88E97C7226B4641100D50EFA /* Assets.xcassets */ = {isa = PBXFileReference; lastKnownFileType = folder.assetcatalog; path = Assets.xcassets; sourceTree = "<group>"; };
		88E97C7526B4641100D50EFA /* Base */ = {isa = PBXFileReference; lastKnownFileType = file.storyboard; name = Base; path = Base.lproj/LaunchScreen.storyboard; sourceTree = "<group>"; };
		88E97C7726B4641100D50EFA /* Info.plist */ = {isa = PBXFileReference; lastKnownFileType = text.plist.xml; path = Info.plist; sourceTree = "<group>"; };
		88E97C7D26B4DA3100D50EFA /* myTableViewCell.swift */ = {isa = PBXFileReference; lastKnownFileType = sourcecode.swift; path = myTableViewCell.swift; sourceTree = "<group>"; };
		88E97C7E26B4DA3100D50EFA /* myTableViewCell.xib */ = {isa = PBXFileReference; lastKnownFileType = file.xib; path = myTableViewCell.xib; sourceTree = "<group>"; };
		88E97C8726B4E7A900D50EFA /* Movies.swift */ = {isa = PBXFileReference; lastKnownFileType = sourcecode.swift; path = Movies.swift; sourceTree = "<group>"; };
		88E97C8A26B4EF7800D50EFA /* NetworkProvider.swift */ = {isa = PBXFileReference; lastKnownFileType = sourcecode.swift; path = NetworkProvider.swift; sourceTree = "<group>"; };
		88E97C8C26B500D500D50EFA /* movieDetails.swift */ = {isa = PBXFileReference; lastKnownFileType = sourcecode.swift; path = movieDetails.swift; sourceTree = "<group>"; };
/* End PBXFileReference section */

/* Begin PBXFrameworksBuildPhase section */
		88E97C6326B4640E00D50EFA /* Frameworks */ = {
			isa = PBXFrameworksBuildPhase;
			buildActionMask = 2147483647;
			files = (
				88E97C8626B4E6AA00D50EFA /* Kingfisher in Frameworks */,
				88E97C8326B4E64300D50EFA /* Alamofire in Frameworks */,
			);
			runOnlyForDeploymentPostprocessing = 0;
		};
/* End PBXFrameworksBuildPhase section */

/* Begin PBXGroup section */
		88E97C5D26B4640E00D50EFA = {
			isa = PBXGroup;
			children = (
				88E97C6826B4640E00D50EFA /* moviesTime */,
				88E97C6726B4640E00D50EFA /* Products */,
			);
			sourceTree = "<group>";
		};
		88E97C6726B4640E00D50EFA /* Products */ = {
			isa = PBXGroup;
			children = (
				88E97C6626B4640E00D50EFA /* moviesTime.app */,
			);
			name = Products;
			sourceTree = "<group>";
		};
		88E97C6826B4640E00D50EFA /* moviesTime */ = {
			isa = PBXGroup;
			children = (
				88E97C8926B4EF5600D50EFA /* Network */,
				88E97C6926B4640E00D50EFA /* AppDelegate.swift */,
				88E97C6B26B4640E00D50EFA /* SceneDelegate.swift */,
				88E97C6D26B4640E00D50EFA /* ViewController.swift */,
				88E97C7E26B4DA3100D50EFA /* myTableViewCell.xib */,
				88E97C7D26B4DA3100D50EFA /* myTableViewCell.swift */,
				88E97C8C26B500D500D50EFA /* movieDetails.swift */,
				88E97C6F26B4640E00D50EFA /* Main.storyboard */,
				88E97C7226B4641100D50EFA /* Assets.xcassets */,
				88E97C7426B4641100D50EFA /* LaunchScreen.storyboard */,
				88E97C7726B4641100D50EFA /* Info.plist */,
			);
			path = moviesTime;
			sourceTree = "<group>";
		};
		88E97C8926B4EF5600D50EFA /* Network */ = {
			isa = PBXGroup;
			children = (
				88E97C8726B4E7A900D50EFA /* Movies.swift */,
				88E97C8A26B4EF7800D50EFA /* NetworkProvider.swift */,
			);
			path = Network;
			sourceTree = "<group>";
		};
/* End PBXGroup section */

/* Begin PBXNativeTarget section */
		88E97C6526B4640E00D50EFA /* moviesTime */ = {
			isa = PBXNativeTarget;
			buildConfigurationList = 88E97C7A26B4641100D50EFA /* Build configuration list for PBXNativeTarget "moviesTime" */;
			buildPhases = (
				88E97C6226B4640E00D50EFA /* Sources */,
				88E97C6326B4640E00D50EFA /* Frameworks */,
				88E97C6426B4640E00D50EFA /* Resources */,
			);
			buildRules = (
			);
			dependencies = (
			);
			name = moviesTime;
			packageProductDependencies = (
				88E97C8226B4E64300D50EFA /* Alamofire */,
				88E97C8526B4E6AA00D50EFA /* Kingfisher */,
			);
			productName = moviesTime;
			productReference = 88E97C6626B4640E00D50EFA /* moviesTime.app */;
			productType = "com.apple.product-type.application";
		};
/* End PBXNativeTarget section */

/* Begin PBXProject section */
		88E97C5E26B4640E00D50EFA /* Project object */ = {
			isa = PBXProject;
			attributes = {
				LastSwiftUpdateCheck = 1250;
				LastUpgradeCheck = 1250;
				TargetAttributes = {
					88E97C6526B4640E00D50EFA = {
						CreatedOnToolsVersion = 12.5;
					};
				};
			};
			buildConfigurationList = 88E97C6126B4640E00D50EFA /* Build configuration list for PBXProject "moviesTime" */;
			compatibilityVersion = "Xcode 9.3";
			developmentRegion = en;
			hasScannedForEncodings = 0;
			knownRegions = (
				en,
				Base,
			);
			mainGroup = 88E97C5D26B4640E00D50EFA;
			packageReferences = (
				88E97C8126B4E64300D50EFA /* XCRemoteSwiftPackageReference "Alamofire" */,
				88E97C8426B4E6A900D50EFA /* XCRemoteSwiftPackageReference "Kingfisher" */,
			);
			productRefGroup = 88E97C6726B4640E00D50EFA /* Products */;
			projectDirPath = "";
			projectRoot = "";
			targets = (
				88E97C6526B4640E00D50EFA /* moviesTime */,
			);
		};
/* End PBXProject section */

/* Begin PBXResourcesBuildPhase section */
		88E97C6426B4640E00D50EFA /* Resources */ = {
			isa = PBXResourcesBuildPhase;
			buildActionMask = 2147483647;
			files = (
				88E97C7626B4641100D50EFA /* LaunchScreen.storyboard in Resources */,
				88E97C8026B4DA3100D50EFA /* myTableViewCell.xib in Resources */,
				88E97C7326B4641100D50EFA /* Assets.xcassets in Resources */,
				88E97C7126B4640E00D50EFA /* Main.storyboard in Resources */,
			);
			runOnlyForDeploymentPostprocessing = 0;
		};
/* End PBXResourcesBuildPhase section */

/* Begin PBXSourcesBuildPhase section */
		88E97C6226B4640E00D50EFA /* Sources */ = {
			isa = PBXSourcesBuildPhase;
			buildActionMask = 2147483647;
			files = (
				88E97C8826B4E7A900D50EFA /* Movies.swift in Sources */,
				88E97C6E26B4640E00D50EFA /* ViewController.swift in Sources */,
				88E97C7F26B4DA3100D50EFA /* myTableViewCell.swift in Sources */,
				88E97C8D26B500D500D50EFA /* movieDetails.swift in Sources */,
				88E97C6A26B4640E00D50EFA /* AppDelegate.swift in Sources */,
				88E97C6C26B4640E00D50EFA /* SceneDelegate.swift in Sources */,
				88E97C8B26B4EF7800D50EFA /* NetworkProvider.swift in Sources */,
			);
			runOnlyForDeploymentPostprocessing = 0;
		};
/* End PBXSourcesBuildPhase section */

/* Begin PBXVariantGroup section */
		88E97C6F26B4640E00D50EFA /* Main.storyboard */ = {
			isa = PBXVariantGroup;
			children = (
				88E97C7026B4640E00D50EFA /* Base */,
			);
			name = Main.storyboard;
			sourceTree = "<group>";
		};
		88E97C7426B4641100D50EFA /* LaunchScreen.storyboard */ = {
			isa = PBXVariantGroup;
			children = (
				88E97C7526B4641100D50EFA /* Base */,
			);
			name = LaunchScreen.storyboard;
			sourceTree = "<group>";
		};
/* End PBXVariantGroup section */

/* Begin XCBuildConfiguration section */
		88E97C7826B4641100D50EFA /* Debug */ = {
			isa = XCBuildConfiguration;
			buildSettings = {
				ALWAYS_SEARCH_USER_PATHS = NO;
				CLANG_ANALYZER_NONNULL = YES;
				CLANG_ANALYZER_NUMBER_OBJECT_CONVERSION = YES_AGGRESSIVE;
				CLANG_CXX_LANGUAGE_STANDARD = "gnu++14";
				CLANG_CXX_LIBRARY = "libc++";
				CLANG_ENABLE_MODULES = YES;
				CLANG_ENABLE_OBJC_ARC = YES;
				CLANG_ENABLE_OBJC_WEAK = YES;
				CLANG_WARN_BLOCK_CAPTURE_AUTORELEASING = YES;
				CLANG_WARN_BOOL_CONVERSION = YES;
				CLANG_WARN_COMMA = YES;
				CLANG_WARN_CONSTANT_CONVERSION = YES;
				CLANG_WARN_DEPRECATED_OBJC_IMPLEMENTATIONS = YES;
				CLANG_WARN_DIRECT_OBJC_ISA_USAGE = YES_ERROR;
				CLANG_WARN_DOCUMENTATION_COMMENTS = YES;
				CLANG_WARN_EMPTY_BODY = YES;
				CLANG_WARN_ENUM_CONVERSION = YES;
				CLANG_WARN_INFINITE_RECURSION = YES;
				CLANG_WARN_INT_CONVERSION = YES;
				CLANG_WARN_NON_LITERAL_NULL_CONVERSION = YES;
				CLANG_WARN_OBJC_IMPLICIT_RETAIN_SELF = YES;
				CLANG_WARN_OBJC_LITERAL_CONVERSION = YES;
				CLANG_WARN_OBJC_ROOT_CLASS = YES_ERROR;
				CLANG_WARN_QUOTED_INCLUDE_IN_FRAMEWORK_HEADER = YES;
				CLANG_WARN_RANGE_LOOP_ANALYSIS = YES;
				CLANG_WARN_STRICT_PROTOTYPES = YES;
				CLANG_WARN_SUSPICIOUS_MOVE = YES;
				CLANG_WARN_UNGUARDED_AVAILABILITY = YES_AGGRESSIVE;
				CLANG_WARN_UNREACHABLE_CODE = YES;
				CLANG_WARN__DUPLICATE_METHOD_MATCH = YES;
				COPY_PHASE_STRIP = NO;
				DEBUG_INFORMATION_FORMAT = dwarf;
				ENABLE_STRICT_OBJC_MSGSEND = YES;
				ENABLE_TESTABILITY = YES;
				GCC_C_LANGUAGE_STANDARD = gnu11;
				GCC_DYNAMIC_NO_PIC = NO;
				GCC_NO_COMMON_BLOCKS = YES;
				GCC_OPTIMIZATION_LEVEL = 0;
				GCC_PREPROCESSOR_DEFINITIONS = (
					"DEBUG=1",
					"$(inherited)",
				);
				GCC_WARN_64_TO_32_BIT_CONVERSION = YES;
				GCC_WARN_ABOUT_RETURN_TYPE = YES_ERROR;
				GCC_WARN_UNDECLARED_SELECTOR = YES;
				GCC_WARN_UNINITIALIZED_AUTOS = YES_AGGRESSIVE;
				GCC_WARN_UNUSED_FUNCTION = YES;
				GCC_WARN_UNUSED_VARIABLE = YES;
				IPHONEOS_DEPLOYMENT_TARGET = 14.5;
				MTL_ENABLE_DEBUG_INFO = INCLUDE_SOURCE;
				MTL_FAST_MATH = YES;
				ONLY_ACTIVE_ARCH = YES;
				SDKROOT = iphoneos;
				SWIFT_ACTIVE_COMPILATION_CONDITIONS = DEBUG;
				SWIFT_OPTIMIZATION_LEVEL = "-Onone";
			};
			name = Debug;
		};
		88E97C7926B4641100D50EFA /* Release */ = {
			isa = XCBuildConfiguration;
			buildSettings = {
				ALWAYS_SEARCH_USER_PATHS = NO;
				CLANG_ANALYZER_NONNULL = YES;
				CLANG_ANALYZER_NUMBER_OBJECT_CONVERSION = YES_AGGRESSIVE;
				CLANG_CXX_LANGUAGE_STANDARD = "gnu++14";
				CLANG_CXX_LIBRARY = "libc++";
				CLANG_ENABLE_MODULES = YES;
				CLANG_ENABLE_OBJC_ARC = YES;
				CLANG_ENABLE_OBJC_WEAK = YES;
				CLANG_WARN_BLOCK_CAPTURE_AUTORELEASING = YES;
				CLANG_WARN_BOOL_CONVERSION = YES;
				CLANG_WARN_COMMA = YES;
				CLANG_WARN_CONSTANT_CONVERSION = YES;
				CLANG_WARN_DEPRECATED_OBJC_IMPLEMENTATIONS = YES;
				CLANG_WARN_DIRECT_OBJC_ISA_USAGE = YES_ERROR;
				CLANG_WARN_DOCUMENTATION_COMMENTS = YES;
				CLANG_WARN_EMPTY_BODY = YES;
				CLANG_WARN_ENUM_CONVERSION = YES;
				CLANG_WARN_INFINITE_RECURSION = YES;
				CLANG_WARN_INT_CONVERSION = YES;
				CLANG_WARN_NON_LITERAL_NULL_CONVERSION = YES;
				CLANG_WARN_OBJC_IMPLICIT_RETAIN_SELF = YES;
				CLANG_WARN_OBJC_LITERAL_CONVERSION = YES;
				CLANG_WARN_OBJC_ROOT_CLASS = YES_ERROR;
				CLANG_WARN_QUOTED_INCLUDE_IN_FRAMEWORK_HEADER = YES;
				CLANG_WARN_RANGE_LOOP_ANALYSIS = YES;
				CLANG_WARN_STRICT_PROTOTYPES = YES;
				CLANG_WARN_SUSPICIOUS_MOVE = YES;
				CLANG_WARN_UNGUARDED_AVAILABILITY = YES_AGGRESSIVE;
				CLANG_WARN_UNREACHABLE_CODE = YES;
				CLANG_WARN__DUPLICATE_METHOD_MATCH = YES;
				COPY_PHASE_STRIP = NO;
				DEBUG_INFORMATION_FORMAT = "dwarf-with-dsym";
				ENABLE_NS_ASSERTIONS = NO;
				ENABLE_STRICT_OBJC_MSGSEND = YES;
				GCC_C_LANGUAGE_STANDARD = gnu11;
				GCC_NO_COMMON_BLOCKS = YES;
				GCC_WARN_64_TO_32_BIT_CONVERSION = YES;
				GCC_WARN_ABOUT_RETURN_TYPE = YES_ERROR;
				GCC_WARN_UNDECLARED_SELECTOR = YES;
				GCC_WARN_UNINITIALIZED_AUTOS = YES_AGGRESSIVE;
				GCC_WARN_UNUSED_FUNCTION = YES;
				GCC_WARN_UNUSED_VARIABLE = YES;
				IPHONEOS_DEPLOYMENT_TARGET = 14.5;
				MTL_ENABLE_DEBUG_INFO = NO;
				MTL_FAST_MATH = YES;
				SDKROOT = iphoneos;
				SWIFT_COMPILATION_MODE = wholemodule;
				SWIFT_OPTIMIZATION_LEVEL = "-O";
				VALIDATE_PRODUCT = YES;
			};
			name = Release;
		};
		88E97C7B26B4641100D50EFA /* Debug */ = {
			isa = XCBuildConfiguration;
			buildSettings = {
				ASSETCATALOG_COMPILER_APPICON_NAME = AppIcon;
				ASSETCATALOG_COMPILER_GLOBAL_ACCENT_COLOR_NAME = AccentColor;
				CODE_SIGN_STYLE = Automatic;
				DEVELOPMENT_TEAM = 4W245LK8S5;
				INFOPLIST_FILE = moviesTime/Info.plist;
				LD_RUNPATH_SEARCH_PATHS = (
					"$(inherited)",
					"@executable_path/Frameworks",
				);
				PRODUCT_BUNDLE_IDENTIFIER = company.moviesTime;
				PRODUCT_NAME = "$(TARGET_NAME)";
				SWIFT_VERSION = 5.0;
				TARGETED_DEVICE_FAMILY = "1,2";
			};
			name = Debug;
		};
		88E97C7C26B4641100D50EFA /* Release */ = {
			isa = XCBuildConfiguration;
			buildSettings = {
				ASSETCATALOG_COMPILER_APPICON_NAME = AppIcon;
				ASSETCATALOG_COMPILER_GLOBAL_ACCENT_COLOR_NAME = AccentColor;
				CODE_SIGN_STYLE = Automatic;
				DEVELOPMENT_TEAM = 4W245LK8S5;
				INFOPLIST_FILE = moviesTime/Info.plist;
				LD_RUNPATH_SEARCH_PATHS = (
					"$(inherited)",
					"@executable_path/Frameworks",
				);
				PRODUCT_BUNDLE_IDENTIFIER = company.moviesTime;
				PRODUCT_NAME = "$(TARGET_NAME)";
				SWIFT_VERSION = 5.0;
				TARGETED_DEVICE_FAMILY = "1,2";
			};
			name = Release;
		};
/* End XCBuildConfiguration section */

/* Begin XCConfigurationList section */
		88E97C6126B4640E00D50EFA /* Build configuration list for PBXProject "moviesTime" */ = {
			isa = XCConfigurationList;
			buildConfigurations = (
				88E97C7826B4641100D50EFA /* Debug */,
				88E97C7926B4641100D50EFA /* Release */,
			);
			defaultConfigurationIsVisible = 0;
			defaultConfigurationName = Release;
		};
		88E97C7A26B4641100D50EFA /* Build configuration list for PBXNativeTarget "moviesTime" */ = {
			isa = XCConfigurationList;
			buildConfigurations = (
				88E97C7B26B4641100D50EFA /* Debug */,
				88E97C7C26B4641100D50EFA /* Release */,
			);
			defaultConfigurationIsVisible = 0;
			defaultConfigurationName = Release;
		};
/* End XCConfigurationList section */

/* Begin XCRemoteSwiftPackageReference section */
		88E97C8126B4E64300D50EFA /* XCRemoteSwiftPackageReference "Alamofire" */ = {
			isa = XCRemoteSwiftPackageReference;
			repositoryURL = "https://github.com/Alamofire/Alamofire.git";
			requirement = {
				kind = upToNextMajorVersion;
				minimumVersion = 5.4.3;
			};
		};
		88E97C8426B4E6A900D50EFA /* XCRemoteSwiftPackageReference "Kingfisher" */ = {
			isa = XCRemoteSwiftPackageReference;
			repositoryURL = "https://github.com/onevcat/Kingfisher.git";
			requirement = {
				kind = upToNextMajorVersion;
				minimumVersion = 6.3.0;
			};
		};
/* End XCRemoteSwiftPackageReference section */

/* Begin XCSwiftPackageProductDependency section */
		88E97C8226B4E64300D50EFA /* Alamofire */ = {
			isa = XCSwiftPackageProductDependency;
			package = 88E97C8126B4E64300D50EFA /* XCRemoteSwiftPackageReference "Alamofire" */;
			productName = Alamofire;
		};
		88E97C8526B4E6AA00D50EFA /* Kingfisher */ = {
			isa = XCSwiftPackageProductDependency;
			package = 88E97C8426B4E6A900D50EFA /* XCRemoteSwiftPackageReference "Kingfisher" */;
			productName = Kingfisher;
		};
/* End XCSwiftPackageProductDependency section */
	};
	rootObject = 88E97C5E26B4640E00D50EFA /* Project object */;
}
