// !$*UTF8*$!
{
	archiveVersion = 1;
	classes = {
	};
	objectVersion = 50;
	objects = {

/* Begin PBXBuildFile section */
		5D13A68426E5238C0073612D /* AppDelegate.swift in Sources */ = {isa = PBXBuildFile; fileRef = 5D13A68326E5238C0073612D /* AppDelegate.swift */; };
		5D13A68626E5238C0073612D /* SceneDelegate.swift in Sources */ = {isa = PBXBuildFile; fileRef = 5D13A68526E5238C0073612D /* SceneDelegate.swift */; };
		5D13A68826E5238C0073612D /* MoviesListViewController.swift in Sources */ = {isa = PBXBuildFile; fileRef = 5D13A68726E5238C0073612D /* MoviesListViewController.swift */; };
		5D13A68D26E523900073612D /* Assets.xcassets in Resources */ = {isa = PBXBuildFile; fileRef = 5D13A68C26E523900073612D /* Assets.xcassets */; };
		5D13A69026E523900073612D /* LaunchScreen.storyboard in Resources */ = {isa = PBXBuildFile; fileRef = 5D13A68E26E523900073612D /* LaunchScreen.storyboard */; };
		5D13A69B26E524E30073612D /* NetworkProvider.swift in Sources */ = {isa = PBXBuildFile; fileRef = 5D13A69A26E524E30073612D /* NetworkProvider.swift */; };
		5D13A69E26E525B90073612D /* Preferences.plist in Resources */ = {isa = PBXBuildFile; fileRef = 5D13A69D26E525B90073612D /* Preferences.plist */; };
		5D13A6A026E529C50073612D /* MoviesList.swift in Sources */ = {isa = PBXBuildFile; fileRef = 5D13A69F26E529C50073612D /* MoviesList.swift */; };
		5D13A6A226E53A9B0073612D /* Movie.swift in Sources */ = {isa = PBXBuildFile; fileRef = 5D13A6A126E53A9B0073612D /* Movie.swift */; };
		5D13A6A426E5440F0073612D /* MovieCell.swift in Sources */ = {isa = PBXBuildFile; fileRef = 5D13A6A326E5440F0073612D /* MovieCell.swift */; };
		5D13A6A626E556C30073612D /* Extensions.swift in Sources */ = {isa = PBXBuildFile; fileRef = 5D13A6A526E556C30073612D /* Extensions.swift */; };
		8835E46726E8315F0070123F /* MovieDetailsViewController.swift in Sources */ = {isa = PBXBuildFile; fileRef = 8835E46626E8315F0070123F /* MovieDetailsViewController.swift */; };
		8835E46926E865EA0070123F /* MovieDetails.swift in Sources */ = {isa = PBXBuildFile; fileRef = 8835E46826E865EA0070123F /* MovieDetails.swift */; };
/* End PBXBuildFile section */

/* Begin PBXFileReference section */
		5D13A68026E5238C0073612D /* Movies Time.app */ = {isa = PBXFileReference; explicitFileType = wrapper.application; includeInIndex = 0; path = "Movies Time.app"; sourceTree = BUILT_PRODUCTS_DIR; };
		5D13A68326E5238C0073612D /* AppDelegate.swift */ = {isa = PBXFileReference; lastKnownFileType = sourcecode.swift; path = AppDelegate.swift; sourceTree = "<group>"; };
		5D13A68526E5238C0073612D /* SceneDelegate.swift */ = {isa = PBXFileReference; lastKnownFileType = sourcecode.swift; path = SceneDelegate.swift; sourceTree = "<group>"; };
		5D13A68726E5238C0073612D /* MoviesListViewController.swift */ = {isa = PBXFileReference; lastKnownFileType = sourcecode.swift; path = MoviesListViewController.swift; sourceTree = "<group>"; };
		5D13A68C26E523900073612D /* Assets.xcassets */ = {isa = PBXFileReference; lastKnownFileType = folder.assetcatalog; path = Assets.xcassets; sourceTree = "<group>"; };
		5D13A68F26E523900073612D /* Base */ = {isa = PBXFileReference; lastKnownFileType = file.storyboard; name = Base; path = Base.lproj/LaunchScreen.storyboard; sourceTree = "<group>"; };
		5D13A69126E523900073612D /* Info.plist */ = {isa = PBXFileReference; lastKnownFileType = text.plist.xml; path = Info.plist; sourceTree = "<group>"; };
		5D13A69A26E524E30073612D /* NetworkProvider.swift */ = {isa = PBXFileReference; lastKnownFileType = sourcecode.swift; path = NetworkProvider.swift; sourceTree = "<group>"; };
		5D13A69D26E525B90073612D /* Preferences.plist */ = {isa = PBXFileReference; lastKnownFileType = text.plist.xml; path = Preferences.plist; sourceTree = "<group>"; };
		5D13A69F26E529C50073612D /* MoviesList.swift */ = {isa = PBXFileReference; lastKnownFileType = sourcecode.swift; path = MoviesList.swift; sourceTree = "<group>"; };
		5D13A6A126E53A9B0073612D /* Movie.swift */ = {isa = PBXFileReference; lastKnownFileType = sourcecode.swift; path = Movie.swift; sourceTree = "<group>"; };
		5D13A6A326E5440F0073612D /* MovieCell.swift */ = {isa = PBXFileReference; lastKnownFileType = sourcecode.swift; path = MovieCell.swift; sourceTree = "<group>"; };
		5D13A6A526E556C30073612D /* Extensions.swift */ = {isa = PBXFileReference; lastKnownFileType = sourcecode.swift; path = Extensions.swift; sourceTree = "<group>"; };
		8835E46626E8315F0070123F /* MovieDetailsViewController.swift */ = {isa = PBXFileReference; lastKnownFileType = sourcecode.swift; path = MovieDetailsViewController.swift; sourceTree = "<group>"; };
		8835E46826E865EA0070123F /* MovieDetails.swift */ = {isa = PBXFileReference; lastKnownFileType = sourcecode.swift; path = MovieDetails.swift; sourceTree = "<group>"; };
/* End PBXFileReference section */

/* Begin PBXFrameworksBuildPhase section */
		5D13A67D26E5238C0073612D /* Frameworks */ = {
			isa = PBXFrameworksBuildPhase;
			buildActionMask = 2147483647;
			files = (
			);
			runOnlyForDeploymentPostprocessing = 0;
		};
/* End PBXFrameworksBuildPhase section */

/* Begin PBXGroup section */
		5D13A67726E5238C0073612D = {
			isa = PBXGroup;
			children = (
				5D13A68226E5238C0073612D /* Movies Time */,
				5D13A68126E5238C0073612D /* Products */,
			);
			sourceTree = "<group>";
		};
		5D13A68126E5238C0073612D /* Products */ = {
			isa = PBXGroup;
			children = (
				5D13A68026E5238C0073612D /* Movies Time.app */,
			);
			name = Products;
			sourceTree = "<group>";
		};
		5D13A68226E5238C0073612D /* Movies Time */ = {
			isa = PBXGroup;
			children = (
				5D13A69C26E525920073612D /* Resources */,
				5D13A69926E523C80073612D /* Libraries */,
				5D13A69826E523AE0073612D /* ViewController */,
				5D13A69726E523A40073612D /* Model */,
				5D13A68326E5238C0073612D /* AppDelegate.swift */,
				5D13A68526E5238C0073612D /* SceneDelegate.swift */,
				5D13A68C26E523900073612D /* Assets.xcassets */,
				5D13A68E26E523900073612D /* LaunchScreen.storyboard */,
				5D13A69126E523900073612D /* Info.plist */,
			);
			path = "Movies Time";
			sourceTree = "<group>";
		};
		5D13A69726E523A40073612D /* Model */ = {
			isa = PBXGroup;
			children = (
				5D13A69F26E529C50073612D /* MoviesList.swift */,
				5D13A6A126E53A9B0073612D /* Movie.swift */,
				8835E46826E865EA0070123F /* MovieDetails.swift */,
			);
			path = Model;
			sourceTree = "<group>";
		};
		5D13A69826E523AE0073612D /* ViewController */ = {
			isa = PBXGroup;
			children = (
				5D13A68726E5238C0073612D /* MoviesListViewController.swift */,
				5D13A6A326E5440F0073612D /* MovieCell.swift */,
				8835E46626E8315F0070123F /* MovieDetailsViewController.swift */,
			);
			path = ViewController;
			sourceTree = "<group>";
		};
		5D13A69926E523C80073612D /* Libraries */ = {
			isa = PBXGroup;
			children = (
				5D13A69A26E524E30073612D /* NetworkProvider.swift */,
				5D13A6A526E556C30073612D /* Extensions.swift */,
			);
			path = Libraries;
			sourceTree = "<group>";
		};
		5D13A69C26E525920073612D /* Resources */ = {
			isa = PBXGroup;
			children = (
				5D13A69D26E525B90073612D /* Preferences.plist */,
			);
			path = Resources;
			sourceTree = "<group>";
		};
/* End PBXGroup section */

/* Begin PBXNativeTarget section */
		5D13A67F26E5238C0073612D /* Movies Time */ = {
			isa = PBXNativeTarget;
			buildConfigurationList = 5D13A69426E523900073612D /* Build configuration list for PBXNativeTarget "Movies Time" */;
			buildPhases = (
				5D13A67C26E5238C0073612D /* Sources */,
				5D13A67D26E5238C0073612D /* Frameworks */,
				5D13A67E26E5238C0073612D /* Resources */,
			);
			buildRules = (
			);
			dependencies = (
			);
			name = "Movies Time";
			productName = "Movies Time";
			productReference = 5D13A68026E5238C0073612D /* Movies Time.app */;
			productType = "com.apple.product-type.application";
		};
/* End PBXNativeTarget section */

/* Begin PBXProject section */
		5D13A67826E5238C0073612D /* Project object */ = {
			isa = PBXProject;
			attributes = {
				LastSwiftUpdateCheck = 1250;
				LastUpgradeCheck = 1250;
				TargetAttributes = {
					5D13A67F26E5238C0073612D = {
						CreatedOnToolsVersion = 12.5.1;
					};
				};
			};
			buildConfigurationList = 5D13A67B26E5238C0073612D /* Build configuration list for PBXProject "Movies Time" */;
			compatibilityVersion = "Xcode 9.3";
			developmentRegion = en;
			hasScannedForEncodings = 0;
			knownRegions = (
				en,
				Base,
			);
			mainGroup = 5D13A67726E5238C0073612D;
			productRefGroup = 5D13A68126E5238C0073612D /* Products */;
			projectDirPath = "";
			projectRoot = "";
			targets = (
				5D13A67F26E5238C0073612D /* Movies Time */,
			);
		};
/* End PBXProject section */

/* Begin PBXResourcesBuildPhase section */
		5D13A67E26E5238C0073612D /* Resources */ = {
			isa = PBXResourcesBuildPhase;
			buildActionMask = 2147483647;
			files = (
				5D13A69026E523900073612D /* LaunchScreen.storyboard in Resources */,
				5D13A69E26E525B90073612D /* Preferences.plist in Resources */,
				5D13A68D26E523900073612D /* Assets.xcassets in Resources */,
			);
			runOnlyForDeploymentPostprocessing = 0;
		};
/* End PBXResourcesBuildPhase section */

/* Begin PBXSourcesBuildPhase section */
		5D13A67C26E5238C0073612D /* Sources */ = {
			isa = PBXSourcesBuildPhase;
			buildActionMask = 2147483647;
			files = (
				5D13A6A426E5440F0073612D /* MovieCell.swift in Sources */,
				5D13A68826E5238C0073612D /* MoviesListViewController.swift in Sources */,
				8835E46726E8315F0070123F /* MovieDetailsViewController.swift in Sources */,
				8835E46926E865EA0070123F /* MovieDetails.swift in Sources */,
				5D13A69B26E524E30073612D /* NetworkProvider.swift in Sources */,
				5D13A6A626E556C30073612D /* Extensions.swift in Sources */,
				5D13A6A226E53A9B0073612D /* Movie.swift in Sources */,
				5D13A68426E5238C0073612D /* AppDelegate.swift in Sources */,
				5D13A6A026E529C50073612D /* MoviesList.swift in Sources */,
				5D13A68626E5238C0073612D /* SceneDelegate.swift in Sources */,
			);
			runOnlyForDeploymentPostprocessing = 0;
		};
/* End PBXSourcesBuildPhase section */

/* Begin PBXVariantGroup section */
		5D13A68E26E523900073612D /* LaunchScreen.storyboard */ = {
			isa = PBXVariantGroup;
			children = (
				5D13A68F26E523900073612D /* Base */,
			);
			name = LaunchScreen.storyboard;
			sourceTree = "<group>";
		};
/* End PBXVariantGroup section */

/* Begin XCBuildConfiguration section */
		5D13A69226E523900073612D /* Debug */ = {
			isa = XCBuildConfiguration;
			buildSettings = {
				ALWAYS_SEARCH_USER_PATHS = NO;
				CLANG_ANALYZER_NONNULL = YES;
				CLANG_ANALYZER_NUMBER_OBJECT_CONVERSION = YES_AGGRESSIVE;
				CLANG_CXX_LANGUAGE_STANDARD = "gnu++14";
				CLANG_CXX_LIBRARY = "libc++";
				CLANG_ENABLE_MODULES = YES;
				CLANG_ENABLE_OBJC_ARC = YES;
				CLANG_ENABLE_OBJC_WEAK = YES;
				CLANG_WARN_BLOCK_CAPTURE_AUTORELEASING = YES;
				CLANG_WARN_BOOL_CONVERSION = YES;
				CLANG_WARN_COMMA = YES;
				CLANG_WARN_CONSTANT_CONVERSION = YES;
				CLANG_WARN_DEPRECATED_OBJC_IMPLEMENTATIONS = YES;
				CLANG_WARN_DIRECT_OBJC_ISA_USAGE = YES_ERROR;
				CLANG_WARN_DOCUMENTATION_COMMENTS = YES;
				CLANG_WARN_EMPTY_BODY = YES;
				CLANG_WARN_ENUM_CONVERSION = YES;
				CLANG_WARN_INFINITE_RECURSION = YES;
				CLANG_WARN_INT_CONVERSION = YES;
				CLANG_WARN_NON_LITERAL_NULL_CONVERSION = YES;
				CLANG_WARN_OBJC_IMPLICIT_RETAIN_SELF = YES;
				CLANG_WARN_OBJC_LITERAL_CONVERSION = YES;
				CLANG_WARN_OBJC_ROOT_CLASS = YES_ERROR;
				CLANG_WARN_QUOTED_INCLUDE_IN_FRAMEWORK_HEADER = YES;
				CLANG_WARN_RANGE_LOOP_ANALYSIS = YES;
				CLANG_WARN_STRICT_PROTOTYPES = YES;
				CLANG_WARN_SUSPICIOUS_MOVE = YES;
				CLANG_WARN_UNGUARDED_AVAILABILITY = YES_AGGRESSIVE;
				CLANG_WARN_UNREACHABLE_CODE = YES;
				CLANG_WARN__DUPLICATE_METHOD_MATCH = YES;
				COPY_PHASE_STRIP = NO;
				DEBUG_INFORMATION_FORMAT = dwarf;
				ENABLE_STRICT_OBJC_MSGSEND = YES;
				ENABLE_TESTABILITY = YES;
				GCC_C_LANGUAGE_STANDARD = gnu11;
				GCC_DYNAMIC_NO_PIC = NO;
				GCC_NO_COMMON_BLOCKS = YES;
				GCC_OPTIMIZATION_LEVEL = 0;
				GCC_PREPROCESSOR_DEFINITIONS = (
					"DEBUG=1",
					"$(inherited)",
				);
				GCC_WARN_64_TO_32_BIT_CONVERSION = YES;
				GCC_WARN_ABOUT_RETURN_TYPE = YES_ERROR;
				GCC_WARN_UNDECLARED_SELECTOR = YES;
				GCC_WARN_UNINITIALIZED_AUTOS = YES_AGGRESSIVE;
				GCC_WARN_UNUSED_FUNCTION = YES;
				GCC_WARN_UNUSED_VARIABLE = YES;
				IPHONEOS_DEPLOYMENT_TARGET = 14.5;
				MTL_ENABLE_DEBUG_INFO = INCLUDE_SOURCE;
				MTL_FAST_MATH = YES;
				ONLY_ACTIVE_ARCH = YES;
				SDKROOT = iphoneos;
				SWIFT_ACTIVE_COMPILATION_CONDITIONS = DEBUG;
				SWIFT_OPTIMIZATION_LEVEL = "-Onone";
			};
			name = Debug;
		};
		5D13A69326E523900073612D /* Release */ = {
			isa = XCBuildConfiguration;
			buildSettings = {
				ALWAYS_SEARCH_USER_PATHS = NO;
				CLANG_ANALYZER_NONNULL = YES;
				CLANG_ANALYZER_NUMBER_OBJECT_CONVERSION = YES_AGGRESSIVE;
				CLANG_CXX_LANGUAGE_STANDARD = "gnu++14";
				CLANG_CXX_LIBRARY = "libc++";
				CLANG_ENABLE_MODULES = YES;
				CLANG_ENABLE_OBJC_ARC = YES;
				CLANG_ENABLE_OBJC_WEAK = YES;
				CLANG_WARN_BLOCK_CAPTURE_AUTORELEASING = YES;
				CLANG_WARN_BOOL_CONVERSION = YES;
				CLANG_WARN_COMMA = YES;
				CLANG_WARN_CONSTANT_CONVERSION = YES;
				CLANG_WARN_DEPRECATED_OBJC_IMPLEMENTATIONS = YES;
				CLANG_WARN_DIRECT_OBJC_ISA_USAGE = YES_ERROR;
				CLANG_WARN_DOCUMENTATION_COMMENTS = YES;
				CLANG_WARN_EMPTY_BODY = YES;
				CLANG_WARN_ENUM_CONVERSION = YES;
				CLANG_WARN_INFINITE_RECURSION = YES;
				CLANG_WARN_INT_CONVERSION = YES;
				CLANG_WARN_NON_LITERAL_NULL_CONVERSION = YES;
				CLANG_WARN_OBJC_IMPLICIT_RETAIN_SELF = YES;
				CLANG_WARN_OBJC_LITERAL_CONVERSION = YES;
				CLANG_WARN_OBJC_ROOT_CLASS = YES_ERROR;
				CLANG_WARN_QUOTED_INCLUDE_IN_FRAMEWORK_HEADER = YES;
				CLANG_WARN_RANGE_LOOP_ANALYSIS = YES;
				CLANG_WARN_STRICT_PROTOTYPES = YES;
				CLANG_WARN_SUSPICIOUS_MOVE = YES;
				CLANG_WARN_UNGUARDED_AVAILABILITY = YES_AGGRESSIVE;
				CLANG_WARN_UNREACHABLE_CODE = YES;
				CLANG_WARN__DUPLICATE_METHOD_MATCH = YES;
				COPY_PHASE_STRIP = NO;
				DEBUG_INFORMATION_FORMAT = "dwarf-with-dsym";
				ENABLE_NS_ASSERTIONS = NO;
				ENABLE_STRICT_OBJC_MSGSEND = YES;
				GCC_C_LANGUAGE_STANDARD = gnu11;
				GCC_NO_COMMON_BLOCKS = YES;
				GCC_WARN_64_TO_32_BIT_CONVERSION = YES;
				GCC_WARN_ABOUT_RETURN_TYPE = YES_ERROR;
				GCC_WARN_UNDECLARED_SELECTOR = YES;
				GCC_WARN_UNINITIALIZED_AUTOS = YES_AGGRESSIVE;
				GCC_WARN_UNUSED_FUNCTION = YES;
				GCC_WARN_UNUSED_VARIABLE = YES;
				IPHONEOS_DEPLOYMENT_TARGET = 14.5;
				MTL_ENABLE_DEBUG_INFO = NO;
				MTL_FAST_MATH = YES;
				SDKROOT = iphoneos;
				SWIFT_COMPILATION_MODE = wholemodule;
				SWIFT_OPTIMIZATION_LEVEL = "-O";
				VALIDATE_PRODUCT = YES;
			};
			name = Release;
		};
		5D13A69526E523900073612D /* Debug */ = {
			isa = XCBuildConfiguration;
			buildSettings = {
				ASSETCATALOG_COMPILER_APPICON_NAME = AppIcon;
				ASSETCATALOG_COMPILER_GLOBAL_ACCENT_COLOR_NAME = AccentColor;
				CODE_SIGN_STYLE = Automatic;
				DEVELOPMENT_TEAM = T2M2JV7538;
				INFOPLIST_FILE = "Movies Time/Info.plist";
				LD_RUNPATH_SEARCH_PATHS = (
					"$(inherited)",
					"@executable_path/Frameworks",
				);
				PRODUCT_BUNDLE_IDENTIFIER = "com.JEMV.Movies-Time";
				PRODUCT_NAME = "$(TARGET_NAME)";
				SWIFT_VERSION = 5.0;
				TARGETED_DEVICE_FAMILY = 1;
			};
			name = Debug;
		};
		5D13A69626E523900073612D /* Release */ = {
			isa = XCBuildConfiguration;
			buildSettings = {
				ASSETCATALOG_COMPILER_APPICON_NAME = AppIcon;
				ASSETCATALOG_COMPILER_GLOBAL_ACCENT_COLOR_NAME = AccentColor;
				CODE_SIGN_STYLE = Automatic;
				DEVELOPMENT_TEAM = T2M2JV7538;
				INFOPLIST_FILE = "Movies Time/Info.plist";
				LD_RUNPATH_SEARCH_PATHS = (
					"$(inherited)",
					"@executable_path/Frameworks",
				);
				PRODUCT_BUNDLE_IDENTIFIER = "com.JEMV.Movies-Time";
				PRODUCT_NAME = "$(TARGET_NAME)";
				SWIFT_VERSION = 5.0;
				TARGETED_DEVICE_FAMILY = 1;
			};
			name = Release;
		};
/* End XCBuildConfiguration section */

/* Begin XCConfigurationList section */
		5D13A67B26E5238C0073612D /* Build configuration list for PBXProject "Movies Time" */ = {
			isa = XCConfigurationList;
			buildConfigurations = (
				5D13A69226E523900073612D /* Debug */,
				5D13A69326E523900073612D /* Release */,
			);
			defaultConfigurationIsVisible = 0;
			defaultConfigurationName = Release;
		};
		5D13A69426E523900073612D /* Build configuration list for PBXNativeTarget "Movies Time" */ = {
			isa = XCConfigurationList;
			buildConfigurations = (
				5D13A69526E523900073612D /* Debug */,
				5D13A69626E523900073612D /* Release */,
			);
			defaultConfigurationIsVisible = 0;
			defaultConfigurationName = Release;
		};
/* End XCConfigurationList section */
	};
	rootObject = 5D13A67826E5238C0073612D /* Project object */;
}
